{
  "nodes": {
    "nixpkgs": {
      "locked": {
        "lastModified": 1702938738,
        "narHash": "sha256-O7Vb0xC9s4Dmgxj8APEpuuMj7HsLgPbpy1UKvNVJp7o=",
        "owner": "NixOS",
        "repo": "nixpkgs",
        "rev": "dd8e82f3b4017b8faa52c2b1897a38d53c3c26cb",
        "type": "github"
      },
      "original": {
        "owner": "NixOS",
        "ref": "nixpkgs-unstable",
        "repo": "nixpkgs",
        "type": "github"
      }
    },
    "systems": {
      "locked": {
        "lastModified": 1681028828,
        "narHash": "sha256-Vy1rq5AaRuLzOxct8nz4T6wlgyUR7zLU309k9mBC768=",
        "owner": "nix-systems",
        "repo": "default",
        "rev": "da67096a3b9bf56a91d16901293e51ba5b49a27e",
        "type": "github"
      },
      "original": {
        "owner": "nix-systems",
        "repo": "default",
        "type": "github"
      }
    },
    "nix-shared": {
      "locked": {
        "lastModified": 1681028828,
        "narHash": "sha256-Vy1rq5AaRuLzOxct8nz4T6wlgyUR7zLU309k9mBC768=",
        "owner": "chadac",
        "repo": "test-nixspace-nix-shared",
        "rev": "da67096a3b9bf56a91d16901293e51ba5b49a27e",
        "type": "github"
      },
      "original": {
        "owner": "chadac",
        "repo": "test-nixspace-nix-shared",
        "type": "github"
      }
    },
    "lambda-hello-world": {
      "locked": {
        "lastModified": 1681028828,
        "narHash": "sha256-Vy1rq5AaRuLzOxct8nz4T6wlgyUR7zLU309k9mBC768=",
        "owner": "chadac",
        "repo": "test-nixspace-lambda-hello-world",
        "rev": "da67096a3b9bf56a91d16901293e51ba5b49a27e",
        "type": "github"
      },
      "original": {
        "owner": "chadac",
        "repo": "test-nixspace-lambda-hello-world",
        "type": "github"
      }
    },
    "root": {
      "inputs": {
        "nixpkgs": "nixpkgs",
        "nixspace": "nixspace",
        "nix-shared": "nix-shared",
        "lambda-hello-world": "lambda-hello-world"
      }
    }
  },
  "root": "root",
  "version": 7
}
