{"nodes":{"flake-parts":{"locked":{"type":"github","narHash":"sha256-YcVE5emp1qQ8ieHUnxt1wCZCC3ZfAS+SRRWZ2TMda7E=","owner":"hercules-ci","repo":"flake-parts","rev":"34fed993f1674c8d06d58b37ce1e0fe5eebcb9f5","lastModified":1701473968},"original":{"type":"github","owner":"hercules-ci","repo":"flake-parts","rev":"34fed993f1674c8d06d58b37ce1e0fe5eebcb9f5"},"inputs":{"nixpkgs-lib":"flake-parts_nixpkgs-lib"}},"flake-parts_nixpkgs-lib":{"locked":{"type":"github","narHash":"sha256-ztaDIyZ7HrTAfEEUt9AtTDNoCYxUdSd6NrRHaYOIxtk=","owner":"NixOS","repo":"nixpkgs","dir":"lib","rev":"e92039b55bcd58469325ded85d4f58dd5a4eaf58","lastModified":1701253981},"original":{"type":"github","owner":"NixOS","repo":"nixpkgs","dir":"lib","ref":"nixos-unstable"}},"lambda-hello-world":{"locked":{"type":"github","narHash":"sha256-YAqcrZb5akztskojyi2GHVi+ScR3omOrFyOq9kvPPKM=","owner":"chadac","repo":"test-nixspace-lambda-hello-world","rev":"d522bf0f47dabacf3e6030849c9253f2c8e3bc00","lastModified":1703175849},"original":{"type":"github","owner":"chadac","repo":"test-nixspace-lambda-hello-world","rev":"d522bf0f47dabacf3e6030849c9253f2c8e3bc00"},"inputs":{"flake-parts":"flake-parts","nix-shared":"nix-shared","nixpkgs":"nixpkgs","systems":"systems"}},"nix-shared":{"locked":{"type":"github","narHash":"sha256-63QmnF/dH5LsQXTfhncBcsOdMe/+Uc34N1JnmvNrvAk=","owner":"chadac","repo":"test-nixspace-nix-shared","rev":"9fe367dbf57fe507c07dc82f80bd3a2b43696d68","lastModified":1703175821},"original":{"type":"github","owner":"chadac","repo":"test-nixspace-nix-shared","rev":"9fe367dbf57fe507c07dc82f80bd3a2b43696d68"},"inputs":{"flake-parts":"flake-parts","nixpkgs":"nixpkgs","systems":"systems"}},"nixpkgs":{"locked":{"type":"github","narHash":"sha256-yn7c4KudsvqghVB14dvzNNKzxACDNB1Fo+lxZ7Eeq/4=","owner":"NixOS","repo":"nixpkgs","rev":"fb6f005181445b6d3dfff29f1c61d109f213e1cb","lastModified":1703960622},"original":{"type":"github","owner":"NixOS","repo":"nixpkgs","rev":"fb6f005181445b6d3dfff29f1c61d109f213e1cb"}},"root":{"inputs":{"flake-parts":"flake-parts","lambda-hello-world":"lambda-hello-world","nix-shared":"nix-shared","nixpkgs":"nixpkgs","systems":"systems"}},"systems":{"locked":{"type":"github","narHash":"sha256-Vy1rq5AaRuLzOxct8nz4T6wlgyUR7zLU309k9mBC768=","owner":"nix-systems","repo":"default","rev":"da67096a3b9bf56a91d16901293e51ba5b49a27e","lastModified":1681028828},"original":{"type":"github","owner":"nix-systems","repo":"default","rev":"da67096a3b9bf56a91d16901293e51ba5b49a27e"}}},"root":"root","version":7}