{"nodes":{"config-graphql-schema":{"locked":{"type":"github","narHash":"sha256-pwH7Dz/bRrxNH2eCLOwThYk1a0V2NrBCStAYXjbcSlU=","owner":"chadac","repo":"test-nixspace-config-graphql-schema","rev":"d63ad04820b29736c3e8b6bd0efe73f2accd934d","lastModified":1704459096},"original":{"type":"github","owner":"chadac","repo":"test-nixspace-config-graphql-schema"},"inputs":{"nixpkgs":"nixpkgs"}},"flake-parts":{"locked":{"type":"github","narHash":"sha256-DS+dGw7SKygIWf9w4eNBUZsK+4Ug27NwEWmn2tnbycg=","owner":"hercules-ci","repo":"flake-parts","rev":"88a2cd8166694ba0b6cb374700799cec53aef527","lastModified":1704152458},"original":{"type":"github","owner":"hercules-ci","repo":"flake-parts"},"inputs":{"nixpkgs-lib":"service-rest-api_nixpkgs-lib"}},"lambda-hello-world":{"locked":{"type":"github","narHash":"sha256-YAqcrZb5akztskojyi2GHVi+ScR3omOrFyOq9kvPPKM=","owner":"chadac","repo":"test-nixspace-lambda-hello-world","rev":"d522bf0f47dabacf3e6030849c9253f2c8e3bc00","lastModified":1703175849},"original":{"type":"github","owner":"chadac","repo":"test-nixspace-lambda-hello-world"},"inputs":{"flake-parts":"flake-parts","nix-shared":"nix-shared","nixpkgs":"nixpkgs","systems":"systems"}},"lib-python-my-library":{"locked":{"type":"github","narHash":"sha256-6W2N3hhBkqAi+/zcmUvWYvkVnz1nT5Cv+5uXGa2osqE=","owner":"chadac","repo":"test-nixspace-lib-python-my-library","rev":"0fbc7cef3392595ebd35de5fb3cde830bbe32c4d","lastModified":1704416127},"original":{"type":"github","owner":"chadac","repo":"test-nixspace-lib-python-my-library"},"inputs":{"flake-parts":"flake-parts","nixpkgs":"nixpkgs","systems":"systems"}},"nix-shared":{"locked":{"type":"github","narHash":"sha256-63QmnF/dH5LsQXTfhncBcsOdMe/+Uc34N1JnmvNrvAk=","owner":"chadac","repo":"test-nixspace-nix-shared","rev":"9fe367dbf57fe507c07dc82f80bd3a2b43696d68","lastModified":1703175821},"original":{"type":"github","owner":"chadac","repo":"test-nixspace-nix-shared"},"inputs":{"flake-parts":"flake-parts","nixpkgs":"nixpkgs","systems":"systems"}},"nixpkgs":{"locked":{"type":"github","narHash":"sha256-QGua89Pmq+FBAro8NriTuoO/wNaUtugt29/qqA8zeeM=","owner":"NixOS","repo":"nixpkgs","rev":"63143ac2c9186be6d9da6035fa22620018c85932","lastModified":1704161960},"original":{"type":"github","owner":"NixOS","repo":"nixpkgs","ref":"nixpkgs-unstable"}},"root":{"inputs":{"config-graphql-schema":"config-graphql-schema","flake-parts":"flake-parts","lambda-hello-world":"lambda-hello-world","lib-python-my-library":"lib-python-my-library","nix-shared":"nix-shared","nixpkgs":"nixpkgs","service-gql-api":"service-gql-api","service-rest-api":"service-rest-api","systems":"systems"}},"service-gql-api":{"locked":{"type":"github","narHash":"sha256-2G0p5RuOZHaACSCs31fSQsGKomAQ4UFxaQbAV708rE8=","owner":"chadac","repo":"test-nixspace-service-gql-api","rev":"7935c1a7df9e58c9c8b2eb0b6a181c47112fbda5","lastModified":1704463218},"original":{"type":"github","owner":"chadac","repo":"test-nixspace-service-gql-api"},"inputs":{"arion":"service-gql-api_arion","flake-parts":"flake-parts","nixpkgs":"nixpkgs","systems":"systems"}},"service-gql-api_arion":{"locked":{"type":"github","narHash":"sha256-GgynJdQ6KngwFBd4YbMYbwesyOiMTZAFymsStE0PSfM=","owner":"hercules-ci","repo":"arion","rev":"f295eabd25b7c894ab405be784e2a010f83fde55","lastModified":1703950660},"original":{"type":"github","owner":"hercules-ci","repo":"arion"},"inputs":{"flake-parts":"flake-parts","haskell-flake":"service-gql-api_haskell-flake","hercules-ci-effects":"service-gql-api_hercules-ci-effects","nixpkgs":"nixpkgs"}},"service-gql-api_flake-parts_2":{"locked":{"type":"github","narHash":"sha256-B2xAZKLkkeRFG5XcHHSXXcP7To9Xzr59KXeZiRf4vdQ=","owner":"hercules-ci","repo":"flake-parts","rev":"c9afaba3dfa4085dbd2ccb38dfade5141e33d9d4","lastModified":1696343447},"original":{"type":"indirect"},"inputs":{"nixpkgs-lib":["service-gql-api_arion","hercules-ci-effects","nixpkgs"]}},"service-gql-api_haskell-flake":{"locked":{"type":"github","narHash":"sha256-u1X1sblozi5qYEcLp1hxcyo8FfDHnRUVX3dJ/tW19jY=","owner":"srid","repo":"haskell-flake","rev":"c2cafce9d57bfca41794dc3b99c593155006c71e","lastModified":1675296942},"original":{"type":"github","owner":"srid","repo":"haskell-flake","ref":"0.1.0"}},"service-gql-api_hercules-ci-effects":{"locked":{"type":"github","narHash":"sha256-GuX16rzRze2y7CsewJLTV6qXkXWyEwp6VCZXi8HLruU=","owner":"hercules-ci","repo":"hercules-ci-effects","rev":"31b6cd7569191bfcd0a548575b0e2ef953ed7d09","lastModified":1701009247},"original":{"type":"github","owner":"hercules-ci","repo":"hercules-ci-effects"},"inputs":{"flake-parts":"service-gql-api_flake-parts_2","nixpkgs":["service-gql-api_arion","nixpkgs"]}},"service-rest-api":{"locked":{"type":"github","narHash":"sha256-lR0mTf/n24qaCDyhCPyF/vxjvRqeexdbOlzUo9Wc+Sg=","owner":"chadac","repo":"test-nixspace-service-rest-api","rev":"12f1f74593acdba2bef18995bc489d508bf0c24a","lastModified":1704458514},"original":{"type":"github","owner":"chadac","repo":"test-nixspace-service-rest-api"},"inputs":{"arion":"service-rest-api_arion","flake-parts":"flake-parts","lib-python-my-library":"lib-python-my-library","nixpkgs":"nixpkgs","systems":"systems"}},"service-rest-api_arion":{"locked":{"type":"github","narHash":"sha256-GgynJdQ6KngwFBd4YbMYbwesyOiMTZAFymsStE0PSfM=","owner":"hercules-ci","repo":"arion","rev":"f295eabd25b7c894ab405be784e2a010f83fde55","lastModified":1703950660},"original":{"type":"github","owner":"hercules-ci","repo":"arion"},"inputs":{"flake-parts":"flake-parts","haskell-flake":"service-rest-api_haskell-flake","hercules-ci-effects":"service-rest-api_hercules-ci-effects","nixpkgs":"nixpkgs"}},"service-rest-api_flake-parts_2":{"locked":{"type":"github","narHash":"sha256-B2xAZKLkkeRFG5XcHHSXXcP7To9Xzr59KXeZiRf4vdQ=","owner":"hercules-ci","repo":"flake-parts","rev":"c9afaba3dfa4085dbd2ccb38dfade5141e33d9d4","lastModified":1696343447},"original":{"type":"indirect"},"inputs":{"nixpkgs-lib":["service-rest-api_arion","hercules-ci-effects","nixpkgs"]}},"service-rest-api_haskell-flake":{"locked":{"type":"github","narHash":"sha256-u1X1sblozi5qYEcLp1hxcyo8FfDHnRUVX3dJ/tW19jY=","owner":"srid","repo":"haskell-flake","rev":"c2cafce9d57bfca41794dc3b99c593155006c71e","lastModified":1675296942},"original":{"type":"github","owner":"srid","repo":"haskell-flake","ref":"0.1.0"}},"service-rest-api_hercules-ci-effects":{"locked":{"type":"github","narHash":"sha256-GuX16rzRze2y7CsewJLTV6qXkXWyEwp6VCZXi8HLruU=","owner":"hercules-ci","repo":"hercules-ci-effects","rev":"31b6cd7569191bfcd0a548575b0e2ef953ed7d09","lastModified":1701009247},"original":{"type":"github","owner":"hercules-ci","repo":"hercules-ci-effects"},"inputs":{"flake-parts":"service-rest-api_flake-parts_2","nixpkgs":["service-rest-api_arion","nixpkgs"]}},"service-rest-api_nixpkgs-lib":{"locked":{"type":"github","narHash":"sha256-M1mV/Cq+pgjk0rt6VxoyyD+O8cOUiai8t9Q6Yyq4noY=","owner":"NixOS","repo":"nixpkgs","dir":"lib","rev":"b0d36bd0a420ecee3bc916c91886caca87c894e9","lastModified":1703961334},"original":{"type":"github","owner":"NixOS","repo":"nixpkgs","dir":"lib","ref":"nixos-unstable"}},"systems":{"locked":{"type":"github","narHash":"sha256-Vy1rq5AaRuLzOxct8nz4T6wlgyUR7zLU309k9mBC768=","owner":"nix-systems","repo":"default","rev":"da67096a3b9bf56a91d16901293e51ba5b49a27e","lastModified":1681028828},"original":{"type":"github","owner":"nix-systems","repo":"default"}}},"root":"root","version":7}