{"nodes":{"lambda-hello-world":{"locked":{"type":"github","narHash":"sha256-Vy1rq5AaRuLzOxct8nz4T6wlgyUR7zLU309k9mBC768=","owner":"chadac","repo":"test-nixspace-lambda-hello-world","rev":"da67096a3b9bf56a91d16901293e51ba5b49a27e","lastModified":1681028828},"original":{"type":"github","owner":"chadac","repo":"test-nixspace-lambda-hello-world"}},"nix-shared":{"locked":{"type":"github","narHash":"sha256-Vy1rq5AaRuLzOxct8nz4T6wlgyUR7zLU309k9mBC768=","owner":"chadac","repo":"test-nixspace-nix-shared","rev":"da67096a3b9bf56a91d16901293e51ba5b49a27e","lastModified":1681028828},"original":{"type":"github","owner":"chadac","repo":"test-nixspace-nix-shared"}},"nixpkgs":{"locked":{"type":"github","narHash":"sha256-O7Vb0xC9s4Dmgxj8APEpuuMj7HsLgPbpy1UKvNVJp7o=","owner":"NixOS","repo":"nixpkgs","rev":"dd8e82f3b4017b8faa52c2b1897a38d53c3c26cb","lastModified":1702938738},"original":{"type":"github","owner":"NixOS","repo":"nixpkgs","ref":"nixpkgs-unstable"}},"root":{"inputs":{"lambda-hello-world":"lambda-hello-world","nix-shared":"nix-shared","nixpkgs":"nixpkgs","nixspace":"nixspace"}},"systems":{"locked":{"type":"github","narHash":"sha256-Vy1rq5AaRuLzOxct8nz4T6wlgyUR7zLU309k9mBC768=","owner":"nix-systems","repo":"default","rev":"da67096a3b9bf56a91d16901293e51ba5b49a27e","lastModified":1681028828},"original":{"type":"github","owner":"nix-systems","repo":"default"}}},"root":"root","version":7}